
Microsoft Visual Studio Solution File, Format Version 12.00
# Visual Studio 14
VisualStudioVersion = 14.0.25420.1
MinimumVisualStudioVersion = 10.0.40219.1
Project("{FAE04EC0-301F-11D3-BF4B-00C04F79EFBC}") = "SmartH2O_DU", "SmartH2O_DU\SmartH2O_DU.csproj", "{B61F91D9-EC48-40B0-B265-9BDC66769983}"
EndProject
Project("{FAE04EC0-301F-11D3-BF4B-00C04F79EFBC}") = "SmartH2O_Alarm", "SmartH2O_Alarm\SmartH2O_Alarm.csproj", "{D29751BE-254B-4C29-B23D-05BA7A74D4ED}"
EndProject
Project("{FAE04EC0-301F-11D3-BF4B-00C04F79EFBC}") = "SmartH2O_DLog", "SmartH2O_DLog\SmartH2O_DLog.csproj", "{B357B0A9-AADF-4BD4-984D-4EBB925EBF7E}"
EndProject
Project("{FAE04EC0-301F-11D3-BF4B-00C04F79EFBC}") = "SmartH2O_SeeAPP", "SmartH2O_SeeAPP\SmartH2O_SeeAPP.csproj", "{4B46C102-CA0A-43D8-BFD7-64CDE25115D7}"
EndProject
Global
	GlobalSection(SolutionConfigurationPlatforms) = preSolution
		Debug|Any CPU = Debug|Any CPU
		Release|Any CPU = Release|Any CPU
	EndGlobalSection
	GlobalSection(ProjectConfigurationPlatforms) = postSolution
		{B61F91D9-EC48-40B0-B265-9BDC66769983}.Debug|Any CPU.ActiveCfg = Debug|Any CPU
		{B61F91D9-EC48-40B0-B265-9BDC66769983}.Debug|Any CPU.Build.0 = Debug|Any CPU
		{B61F91D9-EC48-40B0-B265-9BDC66769983}.Release|Any CPU.ActiveCfg = Release|Any CPU
		{B61F91D9-EC48-40B0-B265-9BDC66769983}.Release|Any CPU.Build.0 = Release|Any CPU
		{D29751BE-254B-4C29-B23D-05BA7A74D4ED}.Debug|Any CPU.ActiveCfg = Debug|Any CPU
		{D29751BE-254B-4C29-B23D-05BA7A74D4ED}.Debug|Any CPU.Build.0 = Debug|Any CPU
		{D29751BE-254B-4C29-B23D-05BA7A74D4ED}.Release|Any CPU.ActiveCfg = Release|Any CPU
		{D29751BE-254B-4C29-B23D-05BA7A74D4ED}.Release|Any CPU.Build.0 = Release|Any CPU
		{B357B0A9-AADF-4BD4-984D-4EBB925EBF7E}.Debug|Any CPU.ActiveCfg = Debug|Any CPU
		{B357B0A9-AADF-4BD4-984D-4EBB925EBF7E}.Debug|Any CPU.Build.0 = Debug|Any CPU
		{B357B0A9-AADF-4BD4-984D-4EBB925EBF7E}.Release|Any CPU.ActiveCfg = Release|Any CPU
		{B357B0A9-AADF-4BD4-984D-4EBB925EBF7E}.Release|Any CPU.Build.0 = Release|Any CPU
		{4B46C102-CA0A-43D8-BFD7-64CDE25115D7}.Debug|Any CPU.ActiveCfg = Debug|Any CPU
		{4B46C102-CA0A-43D8-BFD7-64CDE25115D7}.Debug|Any CPU.Build.0 = Debug|Any CPU
		{4B46C102-CA0A-43D8-BFD7-64CDE25115D7}.Release|Any CPU.ActiveCfg = Release|Any CPU
		{4B46C102-CA0A-43D8-BFD7-64CDE25115D7}.Release|Any CPU.Build.0 = Release|Any CPU
	EndGlobalSection
	GlobalSection(SolutionProperties) = preSolution
		HideSolutionNode = FALSE
	EndGlobalSection
EndGlobal
